
Microsoft Visual Studio Solution File, Format Version 12.00
# Visual Studio Version 16
VisualStudioVersion = 16.0.31729.503
MinimumVisualStudioVersion = 10.0.40219.1
Project("{888888A0-9F3D-457C-B088-3A5042F75D52}") = "Inverse Kinematics Bot", "Inverse Kinematics Bot\Inverse Kinematics Bot.pyproj", "{C9B9C2E5-B709-49F8-AF7F-0B620280C349}"
EndProject
Global
	GlobalSection(SolutionConfigurationPlatforms) = preSolution
		Debug|Any CPU = Debug|Any CPU
		Release|Any CPU = Release|Any CPU
	EndGlobalSection
	GlobalSection(ProjectConfigurationPlatforms) = postSolution
		{C9B9C2E5-B709-49F8-AF7F-0B620280C349}.Debug|Any CPU.ActiveCfg = Debug|Any CPU
		{C9B9C2E5-B709-49F8-AF7F-0B620280C349}.Release|Any CPU.ActiveCfg = Release|Any CPU
	EndGlobalSection
	GlobalSection(SolutionProperties) = preSolution
		HideSolutionNode = FALSE
	EndGlobalSection
	GlobalSection(ExtensibilityGlobals) = postSolution
		SolutionGuid = {3A6106D3-CA4D-43AE-B466-B3BF6809CE3B}
	EndGlobalSection
EndGlobal
